
Microsoft Visual Studio Solution File, Format Version 12.00
# Visual Studio 2012
Project("{FAE04EC0-301F-11D3-BF4B-00C04F79EFBC}") = "Secure Voting System", "Secure Voting System\Secure Voting System.csproj", "{8191CAB4-DA8B-4478-A8A0-04EF7FD189BB}"
EndProject
Global
	GlobalSection(SolutionConfigurationPlatforms) = preSolution
		Debug|Any CPU = Debug|Any CPU
		Release|Any CPU = Release|Any CPU
	EndGlobalSection
	GlobalSection(ProjectConfigurationPlatforms) = postSolution
		{8191CAB4-DA8B-4478-A8A0-04EF7FD189BB}.Debug|Any CPU.ActiveCfg = Debug|Any CPU
		{8191CAB4-DA8B-4478-A8A0-04EF7FD189BB}.Debug|Any CPU.Build.0 = Debug|Any CPU
		{8191CAB4-DA8B-4478-A8A0-04EF7FD189BB}.Release|Any CPU.ActiveCfg = Release|Any CPU
		{8191CAB4-DA8B-4478-A8A0-04EF7FD189BB}.Release|Any CPU.Build.0 = Release|Any CPU
	EndGlobalSection
	GlobalSection(SolutionProperties) = preSolution
		HideSolutionNode = FALSE
	EndGlobalSection
EndGlobal
